
Microsoft Visual Studio Solution File, Format Version 12.00
# Visual Studio Version 17
VisualStudioVersion = 17.9.34902.65
MinimumVisualStudioVersion = 10.0.40219.1
Project("{FAE04EC0-301F-11D3-BF4B-00C04F79EFBC}") = "ProjectHonor1", "ProjectHonor1\ProjectHonor1.csproj", "{7870594B-89F1-4C39-8DED-383F8D12FE8E}"
EndProject
Global
	GlobalSection(SolutionConfigurationPlatforms) = preSolution
		Debug|Any CPU = Debug|Any CPU
		Release|Any CPU = Release|Any CPU
	EndGlobalSection
	GlobalSection(ProjectConfigurationPlatforms) = postSolution
		{7870594B-89F1-4C39-8DED-383F8D12FE8E}.Debug|Any CPU.ActiveCfg = Debug|Any CPU
		{7870594B-89F1-4C39-8DED-383F8D12FE8E}.Debug|Any CPU.Build.0 = Debug|Any CPU
		{7870594B-89F1-4C39-8DED-383F8D12FE8E}.Release|Any CPU.ActiveCfg = Release|Any CPU
		{7870594B-89F1-4C39-8DED-383F8D12FE8E}.Release|Any CPU.Build.0 = Release|Any CPU
	EndGlobalSection
	GlobalSection(SolutionProperties) = preSolution
		HideSolutionNode = FALSE
	EndGlobalSection
	GlobalSection(ExtensibilityGlobals) = postSolution
		SolutionGuid = {FD1E4F72-BBE3-439B-9E28-7F082AE4AC36}
	EndGlobalSection
EndGlobal
